
Microsoft Visual Studio Solution File, Format Version 12.00
# Visual Studio 2013
VisualStudioVersion = 12.0.21005.1
MinimumVisualStudioVersion = 10.0.40219.1
Project("{FAE04EC0-301F-11D3-BF4B-00C04F79EFBC}") = "RevenuePlanner", "RevenuePlanner\RevenuePlanner.csproj", "{9704E4CD-7AB2-418F-90F3-56A41C4D9E3F}"
EndProject
Project("{FAE04EC0-301F-11D3-BF4B-00C04F79EFBC}") = "BDSService", "BDSService\BDSService.csproj", "{A1638569-716F-4051-8208-7AB78F16141B}"
EndProject
Global
	GlobalSection(TeamFoundationVersionControl) = preSolution
		SccNumberOfProjects = 3
		SccEnterpriseProvider = {4CA58AB2-18FA-4F8D-95D4-32DDF27D184C}
		SccTeamFoundationServer = https://bulldogsolutions.visualstudio.com/defaultcollection
		SccLocalPath0 = .
		SccProjectUniqueName1 = RevenuePlanner\\RevenuePlanner.csproj
		SccProjectName1 = RevenuePlanner
		SccLocalPath1 = RevenuePlanner
		SccProjectUniqueName2 = BDSService\\BDSService.csproj
		SccProjectName2 = BDSService
		SccLocalPath2 = BDSService
	EndGlobalSection
	GlobalSection(SolutionConfigurationPlatforms) = preSolution
		BulldogProduction|Any CPU = BulldogProduction|Any CPU
		BulldogStaging|Any CPU = BulldogStaging|Any CPU
		Debug|Any CPU = Debug|Any CPU
		Dev|Any CPU = Dev|Any CPU
		Prod|Any CPU = Prod|Any CPU
		Release|Any CPU = Release|Any CPU
		Staging|Any CPU = Staging|Any CPU
		Test|Any CPU = Test|Any CPU
	EndGlobalSection
	GlobalSection(ProjectConfigurationPlatforms) = postSolution
		{9704E4CD-7AB2-418F-90F3-56A41C4D9E3F}.BulldogProduction|Any CPU.ActiveCfg = Release|Any CPU
		{9704E4CD-7AB2-418F-90F3-56A41C4D9E3F}.BulldogProduction|Any CPU.Build.0 = Release|Any CPU
		{9704E4CD-7AB2-418F-90F3-56A41C4D9E3F}.BulldogStaging|Any CPU.ActiveCfg = Release|Any CPU
		{9704E4CD-7AB2-418F-90F3-56A41C4D9E3F}.BulldogStaging|Any CPU.Build.0 = Release|Any CPU
		{9704E4CD-7AB2-418F-90F3-56A41C4D9E3F}.Debug|Any CPU.ActiveCfg = Debug|Any CPU
		{9704E4CD-7AB2-418F-90F3-56A41C4D9E3F}.Debug|Any CPU.Build.0 = Debug|Any CPU
		{9704E4CD-7AB2-418F-90F3-56A41C4D9E3F}.Dev|Any CPU.ActiveCfg = Debug|Any CPU
		{9704E4CD-7AB2-418F-90F3-56A41C4D9E3F}.Prod|Any CPU.ActiveCfg = Release|Any CPU
		{9704E4CD-7AB2-418F-90F3-56A41C4D9E3F}.Prod|Any CPU.Build.0 = Release|Any CPU
		{9704E4CD-7AB2-418F-90F3-56A41C4D9E3F}.Release|Any CPU.ActiveCfg = Release|Any CPU
		{9704E4CD-7AB2-418F-90F3-56A41C4D9E3F}.Release|Any CPU.Build.0 = Release|Any CPU
		{9704E4CD-7AB2-418F-90F3-56A41C4D9E3F}.Staging|Any CPU.ActiveCfg = Release|Any CPU
		{9704E4CD-7AB2-418F-90F3-56A41C4D9E3F}.Staging|Any CPU.Build.0 = Release|Any CPU
		{9704E4CD-7AB2-418F-90F3-56A41C4D9E3F}.Test|Any CPU.ActiveCfg = Release|Any CPU
		{A1638569-716F-4051-8208-7AB78F16141B}.BulldogProduction|Any CPU.ActiveCfg = BulldogProduction|Any CPU
		{A1638569-716F-4051-8208-7AB78F16141B}.BulldogProduction|Any CPU.Build.0 = BulldogProduction|Any CPU
		{A1638569-716F-4051-8208-7AB78F16141B}.BulldogStaging|Any CPU.ActiveCfg = BulldogStaging|Any CPU
		{A1638569-716F-4051-8208-7AB78F16141B}.BulldogStaging|Any CPU.Build.0 = BulldogStaging|Any CPU
		{A1638569-716F-4051-8208-7AB78F16141B}.Debug|Any CPU.ActiveCfg = Debug|Any CPU
		{A1638569-716F-4051-8208-7AB78F16141B}.Debug|Any CPU.Build.0 = Debug|Any CPU
		{A1638569-716F-4051-8208-7AB78F16141B}.Dev|Any CPU.ActiveCfg = Debug|Any CPU
		{A1638569-716F-4051-8208-7AB78F16141B}.Prod|Any CPU.ActiveCfg = BulldogProduction|Any CPU
		{A1638569-716F-4051-8208-7AB78F16141B}.Release|Any CPU.ActiveCfg = Release|Any CPU
		{A1638569-716F-4051-8208-7AB78F16141B}.Release|Any CPU.Build.0 = Release|Any CPU
		{A1638569-716F-4051-8208-7AB78F16141B}.Staging|Any CPU.ActiveCfg = BulldogStaging|Any CPU
		{A1638569-716F-4051-8208-7AB78F16141B}.Test|Any CPU.ActiveCfg = Release|Any CPU
	EndGlobalSection
	GlobalSection(SolutionProperties) = preSolution
		HideSolutionNode = FALSE
	EndGlobalSection
EndGlobal
